{
  "version": "5",
  "specifiers": {
    "jsr:@negrel/http-ece@0.7.0": "0.7.0",
    "jsr:@negrel/webpush@*": "0.5.0",
    "jsr:@negrel/webpush@0.5": "0.5.0",
    "jsr:@std/bytes@1": "1.0.6",
    "jsr:@std/encoding@1": "1.0.10",
    "npm:@types/node@*": "22.15.15"
  },
  "jsr": {
    "@negrel/http-ece@0.7.0": {
      "integrity": "068e61ba6f52da5454051a283cc19621607f8dd6e74d55c01bb365b8c6644076",
      "dependencies": [
        "jsr:@std/bytes",
        "jsr:@std/encoding"
      ]
    },
    "@negrel/webpush@0.5.0": {
      "integrity": "919ed5bf4d676923667c5278093f36ffb2efe7fe2f155b6d32723ea3b73fa693",
      "dependencies": [
        "jsr:@negrel/http-ece",
        "jsr:@std/bytes",
        "jsr:@std/encoding"
      ]
    },
    "@std/bytes@1.0.6": {
      "integrity": "f6ac6adbd8ccd99314045f5703e23af0a68d7f7e58364b47d2c7f408aeb5820a"
    },
    "@std/encoding@1.0.10": {
      "integrity": "8783c6384a2d13abd5e9e87a7ae0520a30e9f56aeeaa3bdf910a3eaaf5c811a1"
    }
  },
  "npm": {
    "@types/node@22.15.15": {
      "integrity": "sha512-R5muMcZob3/Jjchn5LcO8jdKwSCbzqmPB6ruBxMcf9kbxtniZHP327s6C37iOfuw8mbKK3cAQa7sEl7afLrQ8A==",
      "dependencies": [
        "undici-types"
      ]
    },
    "undici-types@6.21.0": {
      "integrity": "sha512-iwDZqg0QAGrg9Rav5H4n0M64c3mkR59cJ6wQp+7C4nI0gsmExaedaYLNO44eT4AtBBwjbTiGPMlt2Md0T9H9JQ=="
    }
  },
  "redirects": {
    "https://esm.sh/@supabase/functions-js@^2.1.5?target=denonext": "https://esm.sh/@supabase/functions-js@2.4.4?target=denonext",
    "https://esm.sh/@supabase/gotrue-js@^2.60.0?target=denonext": "https://esm.sh/@supabase/gotrue-js@2.70.0?target=denonext",
    "https://esm.sh/@supabase/node-fetch@^2.6.14?target=denonext": "https://esm.sh/@supabase/node-fetch@2.6.15?target=denonext",
    "https://esm.sh/@supabase/postgrest-js@^1.9.0?target=denonext": "https://esm.sh/@supabase/postgrest-js@1.19.4?target=denonext",
    "https://esm.sh/@supabase/realtime-js@^2.9.3?target=denonext": "https://esm.sh/@supabase/realtime-js@2.11.10?target=denonext",
    "https://esm.sh/@supabase/storage-js@^2.5.4?target=denonext": "https://esm.sh/@supabase/storage-js@2.7.3?target=denonext",
    "https://esm.sh/@supabase/supabase-js@2": "https://esm.sh/@supabase/supabase-js@2.50.0",
    "https://esm.sh/@types/ws@~8.18.1/index.d.mts": "https://esm.sh/@types/ws@8.18.1/index.d.mts",
    "https://esm.sh/bufferutil@^4.0.1?target=denonext": "https://esm.sh/bufferutil@4.0.9?target=denonext",
    "https://esm.sh/node-gyp-build@^4.3.0?target=denonext": "https://esm.sh/node-gyp-build@4.8.4?target=denonext",
    "https://esm.sh/tr46@~0.0.3?target=denonext": "https://esm.sh/tr46@0.0.3?target=denonext",
    "https://esm.sh/utf-8-validate@%3E=5.0.2?target=denonext": "https://esm.sh/utf-8-validate@6.0.5?target=denonext",
    "https://esm.sh/webidl-conversions@^3.0.0?target=denonext": "https://esm.sh/webidl-conversions@3.0.1?target=denonext",
    "https://esm.sh/whatwg-url@^5.0.0?target=denonext": "https://esm.sh/whatwg-url@5.0.0?target=denonext",
    "https://esm.sh/ws@^8.18.2?target=denonext": "https://esm.sh/ws@8.18.2?target=denonext"
  },
  "remote": {
    "https://cdn.skypack.dev/-/json-stringify-pretty-compact@v3.0.0-RM0i5NMwoiFhg7YNuXef/dist=es2019,mode=imports/optimized/json-stringify-pretty-compact.js": "d1e3ca71875212e0b5b83bd9b8e3c5afb919688c1c41fca497accf4decdb42cc",
    "https://cdn.skypack.dev/json-stringify-pretty-compact@3.0.0": "155f8098846d70a823fe6e83a0c277a716ebbb7207090786febb52a850a85a62",
    "https://deno.land/std@0.220.1/assert/_constants.ts": "a271e8ef5a573f1df8e822a6eb9d09df064ad66a4390f21b3e31f820a38e0975",
    "https://deno.land/std@0.220.1/assert/_diff.ts": "4bf42969aa8b1a33aaf23eb8e478b011bfaa31b82d85d2ff4b5c4662d8780d2b",
    "https://deno.land/std@0.220.1/assert/_format.ts": "0ba808961bf678437fb486b56405b6fefad2cf87b5809667c781ddee8c32aff4",
    "https://deno.land/std@0.220.1/assert/assert.ts": "bec068b2fccdd434c138a555b19a2c2393b71dfaada02b7d568a01541e67cdc5",
    "https://deno.land/std@0.220.1/assert/assert_almost_equals.ts": "8b96b7385cc117668b0720115eb6ee73d04c9bcb2f5d2344d674918c9113688f",
    "https://deno.land/std@0.220.1/assert/assert_array_includes.ts": "1688d76317fd45b7e93ef9e2765f112fdf2b7c9821016cdfb380b9445374aed1",
    "https://deno.land/std@0.220.1/assert/assert_equals.ts": "4497c56fe7d2993b0d447926702802fc0becb44e319079e8eca39b482ee01b4e",
    "https://deno.land/std@0.220.1/assert/assert_exists.ts": "24a7bf965e634f909242cd09fbaf38bde6b791128ece08e33ab08586a7cc55c9",
    "https://deno.land/std@0.220.1/assert/assert_false.ts": "6f382568e5128c0f855e5f7dbda8624c1ed9af4fcc33ef4a9afeeedcdce99769",
    "https://deno.land/std@0.220.1/assert/assert_greater.ts": "4945cf5729f1a38874d7e589e0fe5cc5cd5abe5573ca2ddca9d3791aa891856c",
    "https://deno.land/std@0.220.1/assert/assert_greater_or_equal.ts": "573ed8823283b8d94b7443eb69a849a3c369a8eb9666b2d1db50c33763a5d219",
    "https://deno.land/std@0.220.1/assert/assert_instance_of.ts": "72dc1faff1e248692d873c89382fa1579dd7b53b56d52f37f9874a75b11ba444",
    "https://deno.land/std@0.220.1/assert/assert_is_error.ts": "6596f2b5ba89ba2fe9b074f75e9318cda97a2381e59d476812e30077fbdb6ed2",
    "https://deno.land/std@0.220.1/assert/assert_less.ts": "2b4b3fe7910f65f7be52212f19c3977ecb8ba5b2d6d0a296c83cde42920bb005",
    "https://deno.land/std@0.220.1/assert/assert_less_or_equal.ts": "b93d212fe669fbde959e35b3437ac9a4468f2e6b77377e7b6ea2cfdd825d38a0",
    "https://deno.land/std@0.220.1/assert/assert_match.ts": "ec2d9680ed3e7b9746ec57ec923a17eef6d476202f339ad91d22277d7f1d16e1",
    "https://deno.land/std@0.220.1/assert/assert_not_equals.ts": "ac86413ab70ffb14fdfc41740ba579a983fe355ba0ce4a9ab685e6b8e7f6a250",
    "https://deno.land/std@0.220.1/assert/assert_not_instance_of.ts": "8f720d92d83775c40b2542a8d76c60c2d4aeddaf8713c8d11df8984af2604931",
    "https://deno.land/std@0.220.1/assert/assert_not_match.ts": "b4b7c77f146963e2b673c1ce4846473703409eb93f5ab0eb60f6e6f8aeffe39f",
    "https://deno.land/std@0.220.1/assert/assert_not_strict_equals.ts": "da0b8ab60a45d5a9371088378e5313f624799470c3b54c76e8b8abeec40a77be",
    "https://deno.land/std@0.220.1/assert/assert_object_match.ts": "e85e5eef62a56ce364c3afdd27978ccab979288a3e772e6855c270a7b118fa49",
    "https://deno.land/std@0.220.1/assert/assert_rejects.ts": "5206ac37d883797d9504e3915a0c7b692df6efcdefff3889cc14bb5a325641dd",
    "https://deno.land/std@0.220.1/assert/assert_strict_equals.ts": "0425a98f70badccb151644c902384c12771a93e65f8ff610244b8147b03a2366",
    "https://deno.land/std@0.220.1/assert/assert_string_includes.ts": "dfb072a890167146f8e5bdd6fde887ce4657098e9f71f12716ef37f35fb6f4a7",
    "https://deno.land/std@0.220.1/assert/assert_throws.ts": "31f3c061338aec2c2c33731973d58ccd4f14e42f355501541409ee958d2eb8e5",
    "https://deno.land/std@0.220.1/assert/assertion_error.ts": "9f689a101ee586c4ce92f52fa7ddd362e86434ffdf1f848e45987dc7689976b8",
    "https://deno.land/std@0.220.1/assert/equal.ts": "fae5e8a52a11d3ac694bbe1a53e13a7969e3f60791262312e91a3e741ae519e2",
    "https://deno.land/std@0.220.1/assert/fail.ts": "f310e51992bac8e54f5fd8e44d098638434b2edb802383690e0d7a9be1979f1c",
    "https://deno.land/std@0.220.1/assert/mod.ts": "7e41449e77a31fef91534379716971bebcfc12686e143d38ada5438e04d4a90e",
    "https://deno.land/std@0.220.1/assert/unimplemented.ts": "47ca67d1c6dc53abd0bd729b71a31e0825fc452dbcd4fde4ca06789d5644e7fd",
    "https://deno.land/std@0.220.1/assert/unreachable.ts": "3670816a4ab3214349acb6730e3e6f5299021234657eefe05b48092f3848c270",
    "https://deno.land/std@0.220.1/crypto/_fnv/fnv32.ts": "ba2c5ef976b9f047d7ce2d33dfe18671afc75154bcf20ef89d932b2fe8820535",
    "https://deno.land/std@0.220.1/crypto/_fnv/fnv64.ts": "580cadfe2ff333fe253d15df450f927c8ac7e408b704547be26aab41b5772558",
    "https://deno.land/std@0.220.1/crypto/_fnv/mod.ts": "8dbb60f062a6e77b82f7a62ac11fabfba52c3cd408c21916b130d8f57a880f96",
    "https://deno.land/std@0.220.1/crypto/_fnv/util.ts": "27b36ce3440d0a180af6bf1cfc2c326f68823288540a354dc1d636b781b9b75f",
    "https://deno.land/std@0.220.1/crypto/_wasm/lib/deno_std_wasm_crypto.generated.mjs": "612dd3355e5baff77fbd184701bb7d9c5aa15611c823873ae66d488485a1614f",
    "https://deno.land/std@0.220.1/crypto/_wasm/mod.ts": "c55f91473846827f077dfd7e5fc6e2726dee5003b6a5747610707cdc638a22ba",
    "https://deno.land/std@0.220.1/crypto/crypto.ts": "ac873fc014652718e9a5315265c31c27c9152eec0e99b48fe4e0c9865e4f223f",
    "https://deno.land/std@0.220.1/crypto/mod.ts": "9148fb70ca3d64977e9487b2002d3b1026e8ad8a2078774b807586ba3c77e3bb",
    "https://deno.land/std@0.220.1/crypto/timing_safe_equal.ts": "bc3622b5aec05e2d8b735bf60633425c34333c06cfb6c4a9f102e4a0f3931ced",
    "https://deno.land/std@0.220.1/crypto/unstable_keystack.ts": "c2a6f6ed67a4e78745e3c9b490ebb7c12f6066f5c2fe0c69d353961909dc82dd",
    "https://deno.land/std@0.220.1/dotenv/mod.ts": "0180eaeedaaf88647318811cdaa418cc64dc51fb08354f91f5f480d0a1309f7d",
    "https://deno.land/std@0.220.1/dotenv/parse.ts": "09977ff88dfd1f24f9973a338f0f91bbdb9307eb5ff6085446e7c423e4c7ba0c",
    "https://deno.land/std@0.220.1/dotenv/stringify.ts": "0047ad7068289735d08964046aea267a750c141b494ca0e38831b89be6c020c2",
    "https://deno.land/std@0.220.1/encoding/_util.ts": "beacef316c1255da9bc8e95afb1fa56ed69baef919c88dc06ae6cb7a6103d376",
    "https://deno.land/std@0.220.1/encoding/base64.ts": "8ccae67a1227b875340a8582ff707f37b131df435b07080d3bb58e07f5f97807",
    "https://deno.land/std@0.220.1/encoding/base64url.ts": "9cc46cf510436be63ac00ebf97a7de1993e603ca58e1853b344bf90d80ea9945",
    "https://deno.land/std@0.220.1/fmt/colors.ts": "d239d84620b921ea520125d778947881f62c50e78deef2657073840b8af9559a",
    "https://deno.land/x/hono@v3.11.7/client/client.ts": "ff340f58041203879972dd368b011ed130c66914f789826610869a90603406bf",
    "https://deno.land/x/hono@v3.11.7/client/index.ts": "3ff4cf246f3543f827a85a2c84d66a025ac350ee927613629bda47e854bfb7ba",
    "https://deno.land/x/hono@v3.11.7/client/types.ts": "ca165b8738d384361b927964466ecc8bc1436edad3d0414e30a28f40ba4ca496",
    "https://deno.land/x/hono@v3.11.7/client/utils.ts": "053273c002963b549d38268a1b423ac8ca211a8028bdab1ed0b781a62aa5e661",
    "https://deno.land/x/hono@v3.11.7/compose.ts": "37d6e33b7db80e4c43a0629b12fd3a1e3406e7d9e62a4bfad4b30426ea7ae4f1",
    "https://deno.land/x/hono@v3.11.7/context.ts": "5cac561498e1f4af7a355673a047f07f47349056c5167ed9aec8a20cdcac8464",
    "https://deno.land/x/hono@v3.11.7/helper/adapter/index.ts": "eea9b4caedbfa3a3b4a020bf46c88c0171a00008cd6c10708cd85a3e39d86e62",
    "https://deno.land/x/hono@v3.11.7/helper/cookie/index.ts": "a05ce7e3bafe1f8c7f45d04abf79822716011be75904fe1aad2e99126fd985b9",
    "https://deno.land/x/hono@v3.11.7/helper/html/index.ts": "a4ac61c54cd432e708dd019aced59273e5e053933f4804b0b5758d9916468b3e",
    "https://deno.land/x/hono@v3.11.7/hono-base.ts": "ab40351c5198cedef9e235ca0a958a161fec822b62aa7fb1eaa36559dc05e0d5",
    "https://deno.land/x/hono@v3.11.7/hono.ts": "2cc4c292e541463a4d6f83edbcea58048d203e9564ae62ec430a3d466b49a865",
    "https://deno.land/x/hono@v3.11.7/http-exception.ts": "6071df078b5f76d279684d52fe82a590f447a64ffe1b75eb5064d0c8a8d2d676",
    "https://deno.land/x/hono@v3.11.7/middleware/cors/index.ts": "8ed6459d4d8990e5f398255aa139e3026f773abee8acd7e9dc1090fcf3f42e83",
    "https://deno.land/x/hono@v3.11.7/mod.ts": "90114a97be9111b348129ad0143e764a64921f60dd03b8f3da529db98a0d3a82",
    "https://deno.land/x/hono@v3.11.7/request.ts": "71a67261d14bba95e9a8b4782a1c1704d12d54a77390ce404741df15ab99a109",
    "https://deno.land/x/hono@v3.11.7/router.ts": "880316f561918fc197481755aac2165fdbe2f530b925c5357a9f98d6e2cc85c7",
    "https://deno.land/x/hono@v3.11.7/router/linear-router/index.ts": "8a2a7144c50b1f4a92d9ee99c2c396716af144c868e10608255f969695efccd0",
    "https://deno.land/x/hono@v3.11.7/router/linear-router/router.ts": "bc63e8b5bc1dabc815306d50bebd1bb5877ffa3936ba2ad7550d093c95ee6bd1",
    "https://deno.land/x/hono@v3.11.7/router/pattern-router/index.ts": "304a66c50e243872037ed41c7dd79ed0c89d815e17e172e7ad7cdc4bc07d3383",
    "https://deno.land/x/hono@v3.11.7/router/pattern-router/router.ts": "a9a5a2a182cce8c3ae82139892cc0502be7dd8f579f31e76d0302b19b338e548",
    "https://deno.land/x/hono@v3.11.7/router/reg-exp-router/index.ts": "52755829213941756159b7a963097bafde5cc4fc22b13b1c7c9184dc0512d1db",
    "https://deno.land/x/hono@v3.11.7/router/reg-exp-router/node.ts": "5b3fb80411db04c65df066e69fedb2c8c0844753c2633d703336de84d569252c",
    "https://deno.land/x/hono@v3.11.7/router/reg-exp-router/router.ts": "7f7af7ce45a4327f9ac7dbdee186f7ba9a24f2eff14c720e3f670be001e71780",
    "https://deno.land/x/hono@v3.11.7/router/reg-exp-router/trie.ts": "852ce7207e6701e47fa30889a0d2b8bfcd56d8862c97e7bc9831e0a64bd8835f",
    "https://deno.land/x/hono@v3.11.7/router/smart-router/index.ts": "74f9b4fe15ea535900f2b9b048581915f12fe94e531dd2b0032f5610e61c3bef",
    "https://deno.land/x/hono@v3.11.7/router/smart-router/router.ts": "f1848a2a1eefa316a11853ae12e749552747771fb8a11fe713ae04ea6461140b",
    "https://deno.land/x/hono@v3.11.7/router/trie-router/index.ts": "3eb75e7f71ba81801631b30de6b1f5cefb2c7239c03797e2b2cbab5085911b41",
    "https://deno.land/x/hono@v3.11.7/router/trie-router/node.ts": "e9ea493da22913b2e60a88284c5edb5330506f2ceb0ac631909219bb139c4b60",
    "https://deno.land/x/hono@v3.11.7/router/trie-router/router.ts": "54ced78d35676302c8fcdda4204f7bdf5a7cc907fbf9967c75674b1e394f830d",
    "https://deno.land/x/hono@v3.11.7/types.ts": "82f95c64c13c21129130d7bb383956306e19d23b3e986c02c914d7aa08808d1d",
    "https://deno.land/x/hono@v3.11.7/utils/body.ts": "7a16a6656331a96bcae57642f8d5e3912bd361cbbcc2c0d2157ecc3f218f7a92",
    "https://deno.land/x/hono@v3.11.7/utils/buffer.ts": "9066a973e64498cb262c7e932f47eed525a51677b17f90893862b7279dc0773e",
    "https://deno.land/x/hono@v3.11.7/utils/cookie.ts": "19920ba6756944aae1ad8585c3ddeaa9df479733f59d05359db096f7361e5e4b",
    "https://deno.land/x/hono@v3.11.7/utils/crypto.ts": "bda0e141bbe46d3a4a20f8fbcb6380d473b617123d9fdfa93e4499410b537acc",
    "https://deno.land/x/hono@v3.11.7/utils/html.ts": "4d2f3975238819fa756e0e51cb7090702136b1e3c54c5049694e26c62d2fcd84",
    "https://deno.land/x/hono@v3.11.7/utils/http-status.ts": "e0c4343ea7717c314dc600131e16b636c29d61cfdaf9df93b267258d1729d1a0",
    "https://deno.land/x/hono@v3.11.7/utils/stream.ts": "1789dcc73c5b0ede28f83d7d34e47ae432c20e680907cb3275a9c9187f293983",
    "https://deno.land/x/hono@v3.11.7/utils/types.ts": "41c4e7d8028f3dec43ff7c26e9498fed53d9ec7c3b47071d066b40f7b7a8ef58",
    "https://deno.land/x/hono@v3.11.7/utils/url.ts": "5fc3307ef3cb2e6f34ec2a03e3d7f2126c6a9f5f0eab677222df3f0e40bd7567",
    "https://deno.land/x/hono@v3.11.7/validator/index.ts": "6c986e8b91dcf857ecc8164a506ae8eea8665792a4ff7215471df669c632ae7c",
    "https://deno.land/x/hono@v3.11.7/validator/validator.ts": "f6139f0b6eb2040bc9f7ed4148905d5affc898235952772b2d6585fdae8d4731",
    "https://deno.land/x/hono@v3.12.0/client/client.ts": "ec277e5e4887926cab672022340c6e5750ff1ebc6acaeb020cae84a22e319453",
    "https://deno.land/x/hono@v3.12.0/client/index.ts": "3ff4cf246f3543f827a85a2c84d66a025ac350ee927613629bda47e854bfb7ba",
    "https://deno.land/x/hono@v3.12.0/client/types.ts": "f274cd0930b73a05a2aee9e38d6dfdaf9ee89ae8589d4df7beee89e642dd5944",
    "https://deno.land/x/hono@v3.12.0/client/utils.ts": "053273c002963b549d38268a1b423ac8ca211a8028bdab1ed0b781a62aa5e661",
    "https://deno.land/x/hono@v3.12.0/compose.ts": "37d6e33b7db80e4c43a0629b12fd3a1e3406e7d9e62a4bfad4b30426ea7ae4f1",
    "https://deno.land/x/hono@v3.12.0/context.ts": "03363a8d28af6052f7c4e48385e66dfaafbed22632a898a73f02bbc685d85afa",
    "https://deno.land/x/hono@v3.12.0/helper/adapter/index.ts": "eea9b4caedbfa3a3b4a020bf46c88c0171a00008cd6c10708cd85a3e39d86e62",
    "https://deno.land/x/hono@v3.12.0/helper/cookie/index.ts": "a05ce7e3bafe1f8c7f45d04abf79822716011be75904fe1aad2e99126fd985b9",
    "https://deno.land/x/hono@v3.12.0/helper/html/index.ts": "701ed12b808e8c253247edc02c2c4b32261ae899e9c98f1427f7f6eaa8b7d1ce",
    "https://deno.land/x/hono@v3.12.0/hono-base.ts": "301b30b9db84c382a536e4f1969dac338cd67860a83ce0af82118c42278cc03d",
    "https://deno.land/x/hono@v3.12.0/hono.ts": "2cc4c292e541463a4d6f83edbcea58048d203e9564ae62ec430a3d466b49a865",
    "https://deno.land/x/hono@v3.12.0/http-exception.ts": "6071df078b5f76d279684d52fe82a590f447a64ffe1b75eb5064d0c8a8d2d676",
    "https://deno.land/x/hono@v3.12.0/middleware/cors/index.ts": "8ed6459d4d8990e5f398255aa139e3026f773abee8acd7e9dc1090fcf3f42e83",
    "https://deno.land/x/hono@v3.12.0/mod.ts": "90114a97be9111b348129ad0143e764a64921f60dd03b8f3da529db98a0d3a82",
    "https://deno.land/x/hono@v3.12.0/request.ts": "71a67261d14bba95e9a8b4782a1c1704d12d54a77390ce404741df15ab99a109",
    "https://deno.land/x/hono@v3.12.0/router.ts": "880316f561918fc197481755aac2165fdbe2f530b925c5357a9f98d6e2cc85c7",
    "https://deno.land/x/hono@v3.12.0/router/linear-router/index.ts": "8a2a7144c50b1f4a92d9ee99c2c396716af144c868e10608255f969695efccd0",
    "https://deno.land/x/hono@v3.12.0/router/linear-router/router.ts": "bc63e8b5bc1dabc815306d50bebd1bb5877ffa3936ba2ad7550d093c95ee6bd1",
    "https://deno.land/x/hono@v3.12.0/router/pattern-router/index.ts": "304a66c50e243872037ed41c7dd79ed0c89d815e17e172e7ad7cdc4bc07d3383",
    "https://deno.land/x/hono@v3.12.0/router/pattern-router/router.ts": "a9a5a2a182cce8c3ae82139892cc0502be7dd8f579f31e76d0302b19b338e548",
    "https://deno.land/x/hono@v3.12.0/router/reg-exp-router/index.ts": "52755829213941756159b7a963097bafde5cc4fc22b13b1c7c9184dc0512d1db",
    "https://deno.land/x/hono@v3.12.0/router/reg-exp-router/node.ts": "5b3fb80411db04c65df066e69fedb2c8c0844753c2633d703336de84d569252c",
    "https://deno.land/x/hono@v3.12.0/router/reg-exp-router/router.ts": "7f7af7ce45a4327f9ac7dbdee186f7ba9a24f2eff14c720e3f670be001e71780",
    "https://deno.land/x/hono@v3.12.0/router/reg-exp-router/trie.ts": "852ce7207e6701e47fa30889a0d2b8bfcd56d8862c97e7bc9831e0a64bd8835f",
    "https://deno.land/x/hono@v3.12.0/router/smart-router/index.ts": "74f9b4fe15ea535900f2b9b048581915f12fe94e531dd2b0032f5610e61c3bef",
    "https://deno.land/x/hono@v3.12.0/router/smart-router/router.ts": "f1848a2a1eefa316a11853ae12e749552747771fb8a11fe713ae04ea6461140b",
    "https://deno.land/x/hono@v3.12.0/router/trie-router/index.ts": "3eb75e7f71ba81801631b30de6b1f5cefb2c7239c03797e2b2cbab5085911b41",
    "https://deno.land/x/hono@v3.12.0/router/trie-router/node.ts": "1709750f3da7bf7fa3e8078caa1fc0bd5583b03c79f3a63f75480a2db25e62ad",
    "https://deno.land/x/hono@v3.12.0/router/trie-router/router.ts": "54ced78d35676302c8fcdda4204f7bdf5a7cc907fbf9967c75674b1e394f830d",
    "https://deno.land/x/hono@v3.12.0/types.ts": "4cbc25194e89dcd78dd669e616150041f93eae6ad1825a601230bd922b568810",
    "https://deno.land/x/hono@v3.12.0/utils/body.ts": "7a16a6656331a96bcae57642f8d5e3912bd361cbbcc2c0d2157ecc3f218f7a92",
    "https://deno.land/x/hono@v3.12.0/utils/buffer.ts": "9066a973e64498cb262c7e932f47eed525a51677b17f90893862b7279dc0773e",
    "https://deno.land/x/hono@v3.12.0/utils/cookie.ts": "19920ba6756944aae1ad8585c3ddeaa9df479733f59d05359db096f7361e5e4b",
    "https://deno.land/x/hono@v3.12.0/utils/crypto.ts": "bda0e141bbe46d3a4a20f8fbcb6380d473b617123d9fdfa93e4499410b537acc",
    "https://deno.land/x/hono@v3.12.0/utils/html.ts": "e800e72e2940104e963707edb41a438937693dda8d21bd37a57620e35d36c647",
    "https://deno.land/x/hono@v3.12.0/utils/http-status.ts": "e0c4343ea7717c314dc600131e16b636c29d61cfdaf9df93b267258d1729d1a0",
    "https://deno.land/x/hono@v3.12.0/utils/stream.ts": "f3d15ef4e112b1916b104dc4e8481f07e2b950f23ba3dacedfcfb7e76af9a604",
    "https://deno.land/x/hono@v3.12.0/utils/types.ts": "dcbd0047473e87506ae529cdb4a447971159ba11d1d5a14ca6c35af837012a3a",
    "https://deno.land/x/hono@v3.12.0/utils/url.ts": "af0d600973ce11f9279da19a49e1264fe2f7a5658ccd97e30f7c3c2239dca052",
    "https://deno.land/x/hono@v3.12.0/validator/index.ts": "6c986e8b91dcf857ecc8164a506ae8eea8665792a4ff7215471df669c632ae7c",
    "https://deno.land/x/hono@v3.12.0/validator/validator.ts": "f6139f0b6eb2040bc9f7ed4148905d5affc898235952772b2d6585fdae8d4731",
    "https://deno.land/x/hono@v4.0.0/adapter/deno/serve-static.ts": "dc857afc2c2bac7668d2625e2d2970acd1affc46d5ffbe0db163412f5cee708f",
    "https://deno.land/x/hono@v4.0.0/adapter/deno/ssg.ts": "49d73dd0d351fc52a54bfc8094096aff957f5a955a3eb976844ed8d88903bc0f",
    "https://deno.land/x/hono@v4.0.0/client/client.ts": "9aa632e0df3bb1e10081a29577117c92b65f27252c56d2474ddba2113f584848",
    "https://deno.land/x/hono@v4.0.0/client/index.ts": "30def535310a37bede261f1b23d11a9758983b8e9d60a6c56309cee5f6746ab2",
    "https://deno.land/x/hono@v4.0.0/client/types.ts": "3c00a7ec75de1eb798260796e02a90fc8850aef023a5787467a5eb8c9fc7c297",
    "https://deno.land/x/hono@v4.0.0/client/utils.ts": "053273c002963b549d38268a1b423ac8ca211a8028bdab1ed0b781a62aa5e661",
    "https://deno.land/x/hono@v4.0.0/compose.ts": "37d6e33b7db80e4c43a0629b12fd3a1e3406e7d9e62a4bfad4b30426ea7ae4f1",
    "https://deno.land/x/hono@v4.0.0/context.ts": "45ea531bcbe57bdc1fe69600acd01732a5d2631d9d4141a9036f28da5cd7688d",
    "https://deno.land/x/hono@v4.0.0/helper.ts": "a8df0b65838177e7e0ab30fc496cde22c9b6aab237725797b1bdec332971470b",
    "https://deno.land/x/hono@v4.0.0/helper/accepts/accepts.ts": "46330f2ff384b266ab2227f7943366c09d752c9b58e2908e7b7726548e8954d3",
    "https://deno.land/x/hono@v4.0.0/helper/accepts/index.ts": "88a18cb5f7b15ec2bd515b6fbf5a2a8b5f77d1edbd6f7e1632afe5d755b2cf50",
    "https://deno.land/x/hono@v4.0.0/helper/adapter/index.ts": "5a4ca736487a2a8303bdac9fff710eae38e6f39ed70eb171eed78e5f64da84df",
    "https://deno.land/x/hono@v4.0.0/helper/cookie/index.ts": "9adc57af5723f16d52ec1162838ac3c77dc2c8b9e216762e7c68106c7468cc77",
    "https://deno.land/x/hono@v4.0.0/helper/css/common.ts": "596f3e777c11a73be52585c2140e80f8ad87f1ef3c483514480e11fb7394e986",
    "https://deno.land/x/hono@v4.0.0/helper/css/index.ts": "f91b6c473f033c420077554bcc8c11635194e3ee49c974c22bbacf2b3449b63c",
    "https://deno.land/x/hono@v4.0.0/helper/dev/index.ts": "d8754792bc44418b78ccffebbc81b15ccbe088690c23a923281138633a746e3d",
    "https://deno.land/x/hono@v4.0.0/helper/factory/index.ts": "824da698c95ba94062bc68955097a82623aca87a637f804ef3be6c0ba28cafd5",
    "https://deno.land/x/hono@v4.0.0/helper/html/index.ts": "b98a9a44a3d50526f82b450231888f1c0904291d535c18d26c0e93dce32004cc",
    "https://deno.land/x/hono@v4.0.0/helper/ssg/index.ts": "0501f98d6bc6bfa96dd0976534d3eedc93397d83438c7cf75b12b033fd672a45",
    "https://deno.land/x/hono@v4.0.0/helper/ssg/utils.ts": "d2f9aede1e815a0414e2f3f300c0e5911018ce1946899f7315c3956dea04dfff",
    "https://deno.land/x/hono@v4.0.0/helper/streaming/index.ts": "e4955c04cb5fe4d65abec256ff3f598c87958a1cfd9eece1d6de1b56d16c7723",
    "https://deno.land/x/hono@v4.0.0/helper/streaming/sse.ts": "3a10d73592a3af1665b872fce6d8c0417e096703cfcd15f21da3bb357ee6ede4",
    "https://deno.land/x/hono@v4.0.0/helper/streaming/stream.ts": "bb8eee53fadf62fb9c4b4f3ffa2f23ee21bf2337121a6811a5fe18bbbcbe6564",
    "https://deno.land/x/hono@v4.0.0/helper/streaming/text.ts": "df8e941f8f1605b8ee74e7176fc013716203a6961c7b69dc304f5826dfb2383c",
    "https://deno.land/x/hono@v4.0.0/helper/testing/index.ts": "bc49c049aa0d6426417e3d1a2f52a471a09edb1fb8610b7545eae1968e7d7874",
    "https://deno.land/x/hono@v4.0.0/hono-base.ts": "d110b1f564958f95bbc2be2c7fea522938f948ccec63830d1197beec11cdc338",
    "https://deno.land/x/hono@v4.0.0/hono.ts": "23edd0140bf0bd5a68c14ae96e5856a5cec6b844277e853b91025e91ea74f416",
    "https://deno.land/x/hono@v4.0.0/http-exception.ts": "0dc357bbf1510f59cdfc35aad569df97e5652f7406f0693437fe140383d8d9c0",
    "https://deno.land/x/hono@v4.0.0/jsx/base.ts": "a744e48717677dfe665163ba95b71a7d0d96fbd569ea447aa0bc4195e1aa91fd",
    "https://deno.land/x/hono@v4.0.0/jsx/components.ts": "c4013a09b0de879cb4253457808017cdc6ae76961c0b7a4827b87e560538a895",
    "https://deno.land/x/hono@v4.0.0/jsx/constants.ts": "03dbf805f4d07e3b34ab05ac84f3c0cb4fbafb2096fba7789a5f6226ca6f21ad",
    "https://deno.land/x/hono@v4.0.0/jsx/context.ts": "2b7a86e6b35da171fab27aa05f09748bb3eba64b26c037ea1da655c07e8f6bc1",
    "https://deno.land/x/hono@v4.0.0/jsx/dom/components.ts": "733da654edb3d4c178a4479649fac2c64e79069e37e848add0c3a49f90e7f2d7",
    "https://deno.land/x/hono@v4.0.0/jsx/dom/context.ts": "39cd1108f0933934075fd88ef98139b0f29cce35b5d30d5fed2231daaa19c208",
    "https://deno.land/x/hono@v4.0.0/jsx/dom/css.ts": "476699080c11fa16230e3fd59b6faf551e5d771c2998b4bf03368b3bc1f5a0e0",
    "https://deno.land/x/hono@v4.0.0/jsx/dom/jsx-dev-runtime.ts": "266a61edb91f596f8581218c2afb253449fa700e069298b5a3e96ee064a57183",
    "https://deno.land/x/hono@v4.0.0/jsx/dom/jsx-runtime.ts": "6a50a65306771a9000030f494d92a5fdeeb055112e0126234b2fd9179de1d4f5",
    "https://deno.land/x/hono@v4.0.0/jsx/dom/render.ts": "fc9338a0f1472ffe0b2d4aad8caf539ed64e8e2e29960133262866656fc82813",
    "https://deno.land/x/hono@v4.0.0/jsx/hooks/index.ts": "aa5bf89ca6f27b000858da32098c3a107dd0a59ba0efce69b3256b21c34ae46f",
    "https://deno.land/x/hono@v4.0.0/jsx/index.ts": "7ff75df12923a67c2fc4c2d06afc6db66ae95f854f091f6aa614b3e13f7d6ba8",
    "https://deno.land/x/hono@v4.0.0/jsx/intrinsic-elements.ts": "21c3a8f6ba07f0d7d7c0ec7293c79c26b9b62df2894e26cb6c17b6c7ec381264",
    "https://deno.land/x/hono@v4.0.0/jsx/streaming.ts": "7f2255d54a69e98121dc02820be8832a880d224ce07f9d472f2a287d3906bb42",
    "https://deno.land/x/hono@v4.0.0/jsx/types.ts": "880971bd1e0704a6fba6b786ca596cbe23fc06e36c506f42ea17f84f9879f278",
    "https://deno.land/x/hono@v4.0.0/jsx/utils.ts": "7b9d84ce478c66a5f4709dc3a873ac7104ba3427597683221827abec2761da0e",
    "https://deno.land/x/hono@v4.0.0/middleware.ts": "782368901c77bf77410aa5bebbaba5ac9dfaae519a4d3d2753180a45e8b1c62f",
    "https://deno.land/x/hono@v4.0.0/middleware/basic-auth/index.ts": "cb9c6397f291612e2fa2f678e1cd85d427cf4395838d558a9fa2c99727f20fb0",
    "https://deno.land/x/hono@v4.0.0/middleware/bearer-auth/index.ts": "1bfe631db1661cd342a2220614af5e21455ebea11b8c3ed5f6df7ef8d02b9a54",
    "https://deno.land/x/hono@v4.0.0/middleware/cache/index.ts": "1294ca78a78d0ec279b8b8728837120458eeb429d774715777a412f190950312",
    "https://deno.land/x/hono@v4.0.0/middleware/compress/index.ts": "98c403a5fe7e9c5f5d776350b422b0a125fb34696851b8b14f825b9b7b06f2ac",
    "https://deno.land/x/hono@v4.0.0/middleware/cors/index.ts": "69e208e2bfd6345f14892e59ea817818373b3ebd74163177d687cd47ddbe1f6c",
    "https://deno.land/x/hono@v4.0.0/middleware/csrf/index.ts": "077bb0ce299d79d0d232cb9e462aaa4eaa901164f1310f74a7630f7e6cfe74e8",
    "https://deno.land/x/hono@v4.0.0/middleware/etag/index.ts": "3392aabea4d02dfec51455c5919bff9aad76538b9fde375dd542fbc3f389dd3a",
    "https://deno.land/x/hono@v4.0.0/middleware/jsx-renderer/index.ts": "07d5e2a15887c34b0b581a3c8babb428ec9dcff9a11877e4ab20ae7db8902ad6",
    "https://deno.land/x/hono@v4.0.0/middleware/jwt/index.ts": "6b34740ff079f92873ee586bb6bf495edd4095ba2b99828ddd850d2de079acd0",
    "https://deno.land/x/hono@v4.0.0/middleware/logger/index.ts": "4baf9217b61f5e9e937c3e4e6cd87508c83603fcee77c33edba0a6ae2cc41ccd",
    "https://deno.land/x/hono@v4.0.0/middleware/powered-by/index.ts": "6faba0cf042278d60b317b690640bb0b58747690cf280fa09024424c5174e66d",
    "https://deno.land/x/hono@v4.0.0/middleware/pretty-json/index.ts": "2216ce4c9910be009fecac63367c3626b46137d4cf7cb9a82913e501104b4a88",
    "https://deno.land/x/hono@v4.0.0/middleware/secure-headers/index.ts": "24cf3544002e882972842800bce223738b32c9c84bef7f74892e994819765f84",
    "https://deno.land/x/hono@v4.0.0/middleware/timing/index.ts": "241702aa10ab66cc832e8b556c57c236f3bf338a8817d802cb142eae0f852582",
    "https://deno.land/x/hono@v4.0.0/request.ts": "9c8061eaf4373aa122a77d1aa8e888397425bc5d78bc17c87a2c861375c4f0b3",
    "https://deno.land/x/hono@v4.0.0/router.ts": "880316f561918fc197481755aac2165fdbe2f530b925c5357a9f98d6e2cc85c7",
    "https://deno.land/x/hono@v4.0.0/router/reg-exp-router/index.ts": "52755829213941756159b7a963097bafde5cc4fc22b13b1c7c9184dc0512d1db",
    "https://deno.land/x/hono@v4.0.0/router/reg-exp-router/node.ts": "5b3fb80411db04c65df066e69fedb2c8c0844753c2633d703336de84d569252c",
    "https://deno.land/x/hono@v4.0.0/router/reg-exp-router/router.ts": "512c43528739b12aff7c1f45b94a5459505ca88a47140a7d6abe0180cfc1ad00",
    "https://deno.land/x/hono@v4.0.0/router/reg-exp-router/trie.ts": "852ce7207e6701e47fa30889a0d2b8bfcd56d8862c97e7bc9831e0a64bd8835f",
    "https://deno.land/x/hono@v4.0.0/router/smart-router/index.ts": "74f9b4fe15ea535900f2b9b048581915f12fe94e531dd2b0032f5610e61c3bef",
    "https://deno.land/x/hono@v4.0.0/router/smart-router/router.ts": "f1848a2a1eefa316a11853ae12e749552747771fb8a11fe713ae04ea6461140b",
    "https://deno.land/x/hono@v4.0.0/router/trie-router/index.ts": "3eb75e7f71ba81801631b30de6b1f5cefb2c7239c03797e2b2cbab5085911b41",
    "https://deno.land/x/hono@v4.0.0/router/trie-router/node.ts": "04d2eac912cc367b95545ce10d889134fc37be74ca729a7f0772970f37b29d11",
    "https://deno.land/x/hono@v4.0.0/router/trie-router/router.ts": "54ced78d35676302c8fcdda4204f7bdf5a7cc907fbf9967c75674b1e394f830d",
    "https://deno.land/x/hono@v4.0.0/types.ts": "d520a35e3a4e22ab2189871a01c3b835c0b8b54abb5bc28ce133e9be0f9f8abe",
    "https://deno.land/x/hono@v4.0.0/utils/body.ts": "1c7013f83bbef8216b3d862111efd5a183eaa29e86decf9a7eec6cdf25757e93",
    "https://deno.land/x/hono@v4.0.0/utils/buffer.ts": "9066a973e64498cb262c7e932f47eed525a51677b17f90893862b7279dc0773e",
    "https://deno.land/x/hono@v4.0.0/utils/cookie.ts": "a8d61878bc6eb338d17758e2b5b47512ac1ced8d824fd4ff7b637b091cc7b28f",
    "https://deno.land/x/hono@v4.0.0/utils/crypto.ts": "bda0e141bbe46d3a4a20f8fbcb6380d473b617123d9fdfa93e4499410b537acc",
    "https://deno.land/x/hono@v4.0.0/utils/encode.ts": "311dfdfae7eb0b6345e9680f7ebbb3a692e872ed964e2029aca38567af8d1f33",
    "https://deno.land/x/hono@v4.0.0/utils/filepath.ts": "77b01ccb799dcd3ed60ac2e9726e0b786b47f33308533b5ff9b6430ba8e9299c",
    "https://deno.land/x/hono@v4.0.0/utils/html.ts": "6ea4f6bf41587a51607dff7a6d2865ef4d5001e4203b07e5c8a45b63a098e871",
    "https://deno.land/x/hono@v4.0.0/utils/http-status.ts": "f5b820f2793e45209f34deddf147b23e3133a89eb4c57dc643759a504706636b",
    "https://deno.land/x/hono@v4.0.0/utils/jwt/index.ts": "5e4b82a42eb3603351dfce726cd781ca41cb57437395409d227131aec348d2d5",
    "https://deno.land/x/hono@v4.0.0/utils/jwt/jwt.ts": "02ff7bbf1298ffcc7a40266842f8eac44b6c136453e32d4441e24d0cbfba3a95",
    "https://deno.land/x/hono@v4.0.0/utils/jwt/types.ts": "1dd79fce49dcaf54511d9bca88f5ae508cef577225aa581c811b248dc9c7a121",
    "https://deno.land/x/hono@v4.0.0/utils/mime.ts": "1e5db0919d2127995ec466dfd1ee637c3d63084f516ccbd3c6906ccf0d3f3c46",
    "https://deno.land/x/hono@v4.0.0/utils/stream.ts": "fe5f539a79c476e6af39e2549fa06054ad3c7ff3cbfa2c4c752e879cdd3365d5",
    "https://deno.land/x/hono@v4.0.0/utils/types.ts": "47426b7de99a75aa39305a21868c8d8e8d1316d24136a2d35fdf24e15f72970c",
    "https://deno.land/x/hono@v4.0.0/utils/url.ts": "d9d307a495e7dfc6e916fbcfa74c2d8d23e8e685bddc5e6ebc9c0f784345a01a",
    "https://esm.sh/@supabase/auth-js@2.70.0/denonext/auth-js.mjs": "51f137a91dc64489abf1a500582918ee5042e1e0b64c167f26a3b6d2f807f43c",
    "https://esm.sh/@supabase/functions-js@2.4.4/denonext/functions-js.mjs": "7adeb257410ef3c4a8a1eb9b4ff416c0075d1c32860ca04913c8a9dace1de6a6",
    "https://esm.sh/@supabase/functions-js@2.4.4?target=denonext": "e2476c61b8afb50cd0987ff03900f48daa646706d6bad319c347e38870b9e72b",
    "https://esm.sh/@supabase/gotrue-js@2.70.0/denonext/gotrue-js.mjs": "98f35291588b46acaf1a109d92b2f4423609595aba9a2ef8be611b413df03201",
    "https://esm.sh/@supabase/gotrue-js@2.70.0?target=denonext": "05513b9349789ef1cf6284457abbe0a864601da43ce79986ca028c1699489020",
    "https://esm.sh/@supabase/node-fetch@2.6.15/denonext/node-fetch.mjs": "0bae9052231f4f6dbccc7234d05ea96923dbf967be12f402764580b6bf9f713d",
    "https://esm.sh/@supabase/node-fetch@2.6.15?target=denonext": "4d28c4ad97328403184353f68434f2b6973971507919e9150297413664919cf3",
    "https://esm.sh/@supabase/postgrest-js@1.19.4/denonext/postgrest-js.mjs": "2073b5552ba10c7a8302bffffae771e3aede1daf833382355dae239fb0ab2576",
    "https://esm.sh/@supabase/postgrest-js@1.19.4?target=denonext": "b526be6f497dc0c461937d1f877cf2e2ebf5dbd92cf2af098fc22a6362a9a569",
    "https://esm.sh/@supabase/realtime-js@2.11.10/denonext/realtime-js.mjs": "23ab7d3a2cda22a65d0ed48e8adea547cc967bf4d2e32fd0af522563bdf77c24",
    "https://esm.sh/@supabase/realtime-js@2.11.10?target=denonext": "f777d457bbf95497018ac64246e8e0ca5c4b06e01a19fa436a2f5cd73da2c407",
    "https://esm.sh/@supabase/storage-js@2.7.1/denonext/storage-js.mjs": "73ac8cdc95cfcd794fe603dbd7ce06d539ab51538ae6467eabe0f9cc26c993aa",
    "https://esm.sh/@supabase/storage-js@2.7.3/denonext/storage-js.mjs": "566d6e1c95b4747ed1dd39a9d49397b011bda21167f946772665e5e0abcff69c",
    "https://esm.sh/@supabase/storage-js@2.7.3?target=denonext": "c090cd9da74382e43b4af17d607ba2723ce7616a0bdab6f4439778ac03e10e13",
    "https://esm.sh/@supabase/supabase-js@2.39.3": "832d7714491bd1c8a9008a332b35cb099f24b451ad79e755ecf4d71985fd6610",
    "https://esm.sh/@supabase/supabase-js@2.39.3/denonext/supabase-js.mjs": "054f4cd1560fa814cdc10d06c0809b00d0817dc06a072fa983e4c023e4346439",
    "https://esm.sh/@supabase/supabase-js@2.50.0": "08871b551234bdcaf766bf2f864b8c00b6d7f92a66d23045596624e4b6c5d762",
    "https://esm.sh/@supabase/supabase-js@2.50.0/denonext/supabase-js.mjs": "f123d5a83e021b6ddd0ab4b3795c5ba5d3d27117d2e5844298ce5f9ba216311c",
    "https://esm.sh/bufferutil@4.0.9/denonext/bufferutil.mjs": "13dca4d5bb2c68cbe119f880fa3bd785b9a81a8e02e0834dae604b4b85295cd8",
    "https://esm.sh/bufferutil@4.0.9?target=denonext": "e32574569ab438facfcc3f412c659b0719bbf05477136ca176938c9a3ac45125",
    "https://esm.sh/json-stringify-pretty-compact@3.0.0": "db68b0e751001bd601f94adcdd9da8acfa6d0e056b0d670b12ccd8e359755f4c",
    "https://esm.sh/json-stringify-pretty-compact@3.0.0/denonext/json-stringify-pretty-compact.mjs": "e1a17101c8c2a478bd68a4fc3402d25c7f3f4f4d71bec23b263cd11c5500c217",
    "https://esm.sh/node-gyp-build@4.8.4/denonext/node-gyp-build.mjs": "9a86f2d044fc77bd60aaa3d697c2ba1b818da5fb1b9aaeedec59a40b8e908803",
    "https://esm.sh/node-gyp-build@4.8.4?target=denonext": "261a6cedf1fdbf159798141ba1e2311ac1510682c5c8b55dacc8cf5fdee4aa06",
    "https://esm.sh/tr46@0.0.3/denonext/tr46.mjs": "5753ec0a99414f4055f0c1f97691100f13d88e48a8443b00aebb90a512785fa2",
    "https://esm.sh/tr46@0.0.3?target=denonext": "19cb9be0f0d418a0c3abb81f2df31f080e9540a04e43b0f699bce1149cba0cbb",
    "https://esm.sh/utf-8-validate@6.0.5/denonext/utf-8-validate.mjs": "66b8ea532a0c745068f5b96ddb1bae332c3036703243541d2e89e66331974d98",
    "https://esm.sh/utf-8-validate@6.0.5?target=denonext": "071bc33ba1a58297e23a34d69dd589fd06df04b0f373b382ff5da544a623f271",
    "https://esm.sh/webidl-conversions@3.0.1/denonext/webidl-conversions.mjs": "54b5c2d50a294853c4ccebf9d5ed8988c94f4e24e463d84ec859a866ea5fafec",
    "https://esm.sh/webidl-conversions@3.0.1?target=denonext": "4e20318d50528084616c79d7b3f6e7f0fe7b6d09013bd01b3974d7448d767e29",
    "https://esm.sh/whatwg-url@5.0.0/denonext/whatwg-url.mjs": "29b16d74ee72624c915745bbd25b617cfd2248c6af0f5120d131e232a9a9af79",
    "https://esm.sh/whatwg-url@5.0.0?target=denonext": "f001a2cadf81312d214ca330033f474e74d81a003e21e8c5d70a1f46dc97b02d",
    "https://esm.sh/ws@8.18.2/denonext/ws.mjs": "b9211ecb1511b09f418c1330920c66800b66710b2cd2997b64b7e0525bd895d2",
    "https://esm.sh/ws@8.18.2?target=denonext": "2ee7b1bb11543dda3e7e1c685ad8599b6f18aea785302374c3def5da468a1e51"
  },
  "workspace": {
    "dependencies": [
      "jsr:@negrel/webpush@0.5"
    ]
  }
}
